
Microsoft Visual Studio Solution File, Format Version 12.00
# Visual Studio Version 17
VisualStudioVersion = 17.14.36414.22 d17.14
MinimumVisualStudioVersion = 10.0.40219.1
Project("{FAE04EC0-301F-11D3-BF4B-00C04F79EFBC}") = "GraniteAddition", "GraniteAddition.csproj", "{7D834A58-D270-9FC5-4924-CC921FA68EE4}"
EndProject
Global
	GlobalSection(SolutionConfigurationPlatforms) = preSolution
		Debug|Any CPU = Debug|Any CPU
		Release|Any CPU = Release|Any CPU
	EndGlobalSection
	GlobalSection(ProjectConfigurationPlatforms) = postSolution
		{7D834A58-D270-9FC5-4924-CC921FA68EE4}.Debug|Any CPU.ActiveCfg = Debug|Any CPU
		{7D834A58-D270-9FC5-4924-CC921FA68EE4}.Debug|Any CPU.Build.0 = Debug|Any CPU
		{7D834A58-D270-9FC5-4924-CC921FA68EE4}.Release|Any CPU.ActiveCfg = Release|Any CPU
		{7D834A58-D270-9FC5-4924-CC921FA68EE4}.Release|Any CPU.Build.0 = Release|Any CPU
	EndGlobalSection
	GlobalSection(SolutionProperties) = preSolution
		HideSolutionNode = FALSE
	EndGlobalSection
	GlobalSection(ExtensibilityGlobals) = postSolution
		SolutionGuid = {29975F23-DC36-454C-917B-3C7174EE53DA}
	EndGlobalSection
EndGlobal
